
Microsoft Visual Studio Solution File, Format Version 12.00
# Visual Studio Version 17
VisualStudioVersion = 17.7.34031.279
MinimumVisualStudioVersion = 10.0.40219.1
Project("{FAE04EC0-301F-11D3-BF4B-00C04F79EFBC}") = "EventStreamProcessor", "EventStreamProcessor\EventStreamProcessor.csproj", "{38B01B4F-130F-44ED-B740-6DC6D977EABF}"
EndProject
Global
	GlobalSection(SolutionConfigurationPlatforms) = preSolution
		Debug|Any CPU = Debug|Any CPU
		Release|Any CPU = Release|Any CPU
	EndGlobalSection
	GlobalSection(ProjectConfigurationPlatforms) = postSolution
		{38B01B4F-130F-44ED-B740-6DC6D977EABF}.Debug|Any CPU.ActiveCfg = Debug|Any CPU
		{38B01B4F-130F-44ED-B740-6DC6D977EABF}.Debug|Any CPU.Build.0 = Debug|Any CPU
		{38B01B4F-130F-44ED-B740-6DC6D977EABF}.Release|Any CPU.ActiveCfg = Release|Any CPU
		{38B01B4F-130F-44ED-B740-6DC6D977EABF}.Release|Any CPU.Build.0 = Release|Any CPU
	EndGlobalSection
	GlobalSection(SolutionProperties) = preSolution
		HideSolutionNode = FALSE
	EndGlobalSection
	GlobalSection(ExtensibilityGlobals) = postSolution
		SolutionGuid = {37D09CDB-E7C5-4ED9-ACD8-B11181B20A9C}
	EndGlobalSection
EndGlobal
